
Microsoft Visual Studio Solution File, Format Version 12.00
# Visual Studio Version 17
VisualStudioVersion = 17.0.31903.59
MinimumVisualStudioVersion = 10.0.40219.1
Project("{FAE04EC0-301F-11D3-BF4B-00C04F79EFBC}") = "Skystone.Domain", "Skystone.Domain\Skystone.Domain.csproj", "{F71A6C3A-F3CB-4568-85A9-91FF71BFD3B9}"
EndProject
Project("{FAE04EC0-301F-11D3-BF4B-00C04F79EFBC}") = "Skystone.Application", "Skystone.Application\Skystone.Application.csproj", "{7F6581DD-AAAF-4A91-9E65-EA77A2365417}"
EndProject
Project("{FAE04EC0-301F-11D3-BF4B-00C04F79EFBC}") = "Skystone.Infrastructure", "Skystone.Infrastructure\Skystone.Infrastructure.csproj", "{56A92813-5EE8-41CB-9547-40BDF933C69C}"
EndProject
Project("{FAE04EC0-301F-11D3-BF4B-00C04F79EFBC}") = "Skystone.Api", "Skystone.Api\Skystone.Api.csproj", "{12B7BDDD-0CA3-4C12-B968-C3065B3232CD}"
EndProject
Project("{FAE04EC0-301F-11D3-BF4B-00C04F79EFBC}") = "Skystone.ServiceDefaults", "Skystone.ServiceDefaults\Skystone.ServiceDefaults.csproj", "{66A361AE-7CAC-42CD-9C10-53D5A3ED5B00}"
EndProject
Project("{FAE04EC0-301F-11D3-BF4B-00C04F79EFBC}") = "Skystone.AppHost", "Skystone.AppHost\Skystone.AppHost.csproj", "{A722FFDB-224D-411E-B045-620423AE81FD}"
EndProject
Global
	GlobalSection(SolutionConfigurationPlatforms) = preSolution
		Debug|Any CPU = Debug|Any CPU
		Debug|x64 = Debug|x64
		Debug|x86 = Debug|x86
		Release|Any CPU = Release|Any CPU
		Release|x64 = Release|x64
		Release|x86 = Release|x86
	EndGlobalSection
	GlobalSection(ProjectConfigurationPlatforms) = postSolution
		{F71A6C3A-F3CB-4568-85A9-91FF71BFD3B9}.Debug|Any CPU.ActiveCfg = Debug|Any CPU
		{F71A6C3A-F3CB-4568-85A9-91FF71BFD3B9}.Debug|Any CPU.Build.0 = Debug|Any CPU
		{F71A6C3A-F3CB-4568-85A9-91FF71BFD3B9}.Debug|x64.ActiveCfg = Debug|Any CPU
		{F71A6C3A-F3CB-4568-85A9-91FF71BFD3B9}.Debug|x64.Build.0 = Debug|Any CPU
		{F71A6C3A-F3CB-4568-85A9-91FF71BFD3B9}.Debug|x86.ActiveCfg = Debug|Any CPU
		{F71A6C3A-F3CB-4568-85A9-91FF71BFD3B9}.Debug|x86.Build.0 = Debug|Any CPU
		{F71A6C3A-F3CB-4568-85A9-91FF71BFD3B9}.Release|Any CPU.ActiveCfg = Release|Any CPU
		{F71A6C3A-F3CB-4568-85A9-91FF71BFD3B9}.Release|Any CPU.Build.0 = Release|Any CPU
		{F71A6C3A-F3CB-4568-85A9-91FF71BFD3B9}.Release|x64.ActiveCfg = Release|Any CPU
		{F71A6C3A-F3CB-4568-85A9-91FF71BFD3B9}.Release|x64.Build.0 = Release|Any CPU
		{F71A6C3A-F3CB-4568-85A9-91FF71BFD3B9}.Release|x86.ActiveCfg = Release|Any CPU
		{F71A6C3A-F3CB-4568-85A9-91FF71BFD3B9}.Release|x86.Build.0 = Release|Any CPU
		{7F6581DD-AAAF-4A91-9E65-EA77A2365417}.Debug|Any CPU.ActiveCfg = Debug|Any CPU
		{7F6581DD-AAAF-4A91-9E65-EA77A2365417}.Debug|Any CPU.Build.0 = Debug|Any CPU
		{7F6581DD-AAAF-4A91-9E65-EA77A2365417}.Debug|x64.ActiveCfg = Debug|Any CPU
		{7F6581DD-AAAF-4A91-9E65-EA77A2365417}.Debug|x64.Build.0 = Debug|Any CPU
		{7F6581DD-AAAF-4A91-9E65-EA77A2365417}.Debug|x86.ActiveCfg = Debug|Any CPU
		{7F6581DD-AAAF-4A91-9E65-EA77A2365417}.Debug|x86.Build.0 = Debug|Any CPU
		{7F6581DD-AAAF-4A91-9E65-EA77A2365417}.Release|Any CPU.ActiveCfg = Release|Any CPU
		{7F6581DD-AAAF-4A91-9E65-EA77A2365417}.Release|Any CPU.Build.0 = Release|Any CPU
		{7F6581DD-AAAF-4A91-9E65-EA77A2365417}.Release|x64.ActiveCfg = Release|Any CPU
		{7F6581DD-AAAF-4A91-9E65-EA77A2365417}.Release|x64.Build.0 = Release|Any CPU
		{7F6581DD-AAAF-4A91-9E65-EA77A2365417}.Release|x86.ActiveCfg = Release|Any CPU
		{7F6581DD-AAAF-4A91-9E65-EA77A2365417}.Release|x86.Build.0 = Release|Any CPU
		{56A92813-5EE8-41CB-9547-40BDF933C69C}.Debug|Any CPU.ActiveCfg = Debug|Any CPU
		{56A92813-5EE8-41CB-9547-40BDF933C69C}.Debug|Any CPU.Build.0 = Debug|Any CPU
		{56A92813-5EE8-41CB-9547-40BDF933C69C}.Debug|x64.ActiveCfg = Debug|Any CPU
		{56A92813-5EE8-41CB-9547-40BDF933C69C}.Debug|x64.Build.0 = Debug|Any CPU
		{56A92813-5EE8-41CB-9547-40BDF933C69C}.Debug|x86.ActiveCfg = Debug|Any CPU
		{56A92813-5EE8-41CB-9547-40BDF933C69C}.Debug|x86.Build.0 = Debug|Any CPU
		{56A92813-5EE8-41CB-9547-40BDF933C69C}.Release|Any CPU.ActiveCfg = Release|Any CPU
		{56A92813-5EE8-41CB-9547-40BDF933C69C}.Release|Any CPU.Build.0 = Release|Any CPU
		{56A92813-5EE8-41CB-9547-40BDF933C69C}.Release|x64.ActiveCfg = Release|Any CPU
		{56A92813-5EE8-41CB-9547-40BDF933C69C}.Release|x64.Build.0 = Release|Any CPU
		{56A92813-5EE8-41CB-9547-40BDF933C69C}.Release|x86.ActiveCfg = Release|Any CPU
		{56A92813-5EE8-41CB-9547-40BDF933C69C}.Release|x86.Build.0 = Release|Any CPU
		{12B7BDDD-0CA3-4C12-B968-C3065B3232CD}.Debug|Any CPU.ActiveCfg = Debug|Any CPU
		{12B7BDDD-0CA3-4C12-B968-C3065B3232CD}.Debug|Any CPU.Build.0 = Debug|Any CPU
		{12B7BDDD-0CA3-4C12-B968-C3065B3232CD}.Debug|x64.ActiveCfg = Debug|Any CPU
		{12B7BDDD-0CA3-4C12-B968-C3065B3232CD}.Debug|x64.Build.0 = Debug|Any CPU
		{12B7BDDD-0CA3-4C12-B968-C3065B3232CD}.Debug|x86.ActiveCfg = Debug|Any CPU
		{12B7BDDD-0CA3-4C12-B968-C3065B3232CD}.Debug|x86.Build.0 = Debug|Any CPU
		{12B7BDDD-0CA3-4C12-B968-C3065B3232CD}.Release|Any CPU.ActiveCfg = Release|Any CPU
		{12B7BDDD-0CA3-4C12-B968-C3065B3232CD}.Release|Any CPU.Build.0 = Release|Any CPU
		{12B7BDDD-0CA3-4C12-B968-C3065B3232CD}.Release|x64.ActiveCfg = Release|Any CPU
		{12B7BDDD-0CA3-4C12-B968-C3065B3232CD}.Release|x64.Build.0 = Release|Any CPU
		{12B7BDDD-0CA3-4C12-B968-C3065B3232CD}.Release|x86.ActiveCfg = Release|Any CPU
		{12B7BDDD-0CA3-4C12-B968-C3065B3232CD}.Release|x86.Build.0 = Release|Any CPU
		{66A361AE-7CAC-42CD-9C10-53D5A3ED5B00}.Debug|Any CPU.ActiveCfg = Debug|Any CPU
		{66A361AE-7CAC-42CD-9C10-53D5A3ED5B00}.Debug|Any CPU.Build.0 = Debug|Any CPU
		{66A361AE-7CAC-42CD-9C10-53D5A3ED5B00}.Debug|x64.ActiveCfg = Debug|Any CPU
		{66A361AE-7CAC-42CD-9C10-53D5A3ED5B00}.Debug|x64.Build.0 = Debug|Any CPU
		{66A361AE-7CAC-42CD-9C10-53D5A3ED5B00}.Debug|x86.ActiveCfg = Debug|Any CPU
		{66A361AE-7CAC-42CD-9C10-53D5A3ED5B00}.Debug|x86.Build.0 = Debug|Any CPU
		{66A361AE-7CAC-42CD-9C10-53D5A3ED5B00}.Release|Any CPU.ActiveCfg = Release|Any CPU
		{66A361AE-7CAC-42CD-9C10-53D5A3ED5B00}.Release|Any CPU.Build.0 = Release|Any CPU
		{66A361AE-7CAC-42CD-9C10-53D5A3ED5B00}.Release|x64.ActiveCfg = Release|Any CPU
		{66A361AE-7CAC-42CD-9C10-53D5A3ED5B00}.Release|x64.Build.0 = Release|Any CPU
		{66A361AE-7CAC-42CD-9C10-53D5A3ED5B00}.Release|x86.ActiveCfg = Release|Any CPU
		{66A361AE-7CAC-42CD-9C10-53D5A3ED5B00}.Release|x86.Build.0 = Release|Any CPU
		{A722FFDB-224D-411E-B045-620423AE81FD}.Debug|Any CPU.ActiveCfg = Debug|Any CPU
		{A722FFDB-224D-411E-B045-620423AE81FD}.Debug|Any CPU.Build.0 = Debug|Any CPU
		{A722FFDB-224D-411E-B045-620423AE81FD}.Debug|x64.ActiveCfg = Debug|Any CPU
		{A722FFDB-224D-411E-B045-620423AE81FD}.Debug|x64.Build.0 = Debug|Any CPU
		{A722FFDB-224D-411E-B045-620423AE81FD}.Debug|x86.ActiveCfg = Debug|Any CPU
		{A722FFDB-224D-411E-B045-620423AE81FD}.Debug|x86.Build.0 = Debug|Any CPU
		{A722FFDB-224D-411E-B045-620423AE81FD}.Release|Any CPU.ActiveCfg = Release|Any CPU
		{A722FFDB-224D-411E-B045-620423AE81FD}.Release|Any CPU.Build.0 = Release|Any CPU
		{A722FFDB-224D-411E-B045-620423AE81FD}.Release|x64.ActiveCfg = Release|Any CPU
		{A722FFDB-224D-411E-B045-620423AE81FD}.Release|x64.Build.0 = Release|Any CPU
		{A722FFDB-224D-411E-B045-620423AE81FD}.Release|x86.ActiveCfg = Release|Any CPU
		{A722FFDB-224D-411E-B045-620423AE81FD}.Release|x86.Build.0 = Release|Any CPU
	EndGlobalSection
	GlobalSection(SolutionProperties) = preSolution
		HideSolutionNode = FALSE
	EndGlobalSection
EndGlobal
